// !$*UTF8*$!
{
	archiveVersion = 1;
	classes = {
	};
	objectVersion = 46;
	objects = {

/* Begin PBXBuildFile section */
		6B351E1ACB538E79FF9A0959 /* Pods.framework in Frameworks */ = {isa = PBXBuildFile; fileRef = 32E3BEDC6CFEB42F2B3EFE0B /* Pods.framework */; };
		B46001C71C54DC3B005321FA /* AppDelegate.swift in Sources */ = {isa = PBXBuildFile; fileRef = B46001C61C54DC3B005321FA /* AppDelegate.swift */; };
		B46001CC1C54DC3B005321FA /* Main.storyboard in Resources */ = {isa = PBXBuildFile; fileRef = B46001CA1C54DC3B005321FA /* Main.storyboard */; };
		B46001CE1C54DC3B005321FA /* Assets.xcassets in Resources */ = {isa = PBXBuildFile; fileRef = B46001CD1C54DC3B005321FA /* Assets.xcassets */; };
		B46001D11C54DC3B005321FA /* LaunchScreen.storyboard in Resources */ = {isa = PBXBuildFile; fileRef = B46001CF1C54DC3B005321FA /* LaunchScreen.storyboard */; };
		B46001DC1C54DC3B005321FA /* CollectionViewDemoTests.swift in Sources */ = {isa = PBXBuildFile; fileRef = B46001DB1C54DC3B005321FA /* CollectionViewDemoTests.swift */; };
		B46001E71C54DC3B005321FA /* CollectionViewDemoUITests.swift in Sources */ = {isa = PBXBuildFile; fileRef = B46001E61C54DC3B005321FA /* CollectionViewDemoUITests.swift */; };
		B46001F51C54DD20005321FA /* HomeCollectionViewController.swift in Sources */ = {isa = PBXBuildFile; fileRef = B46001F41C54DD20005321FA /* HomeCollectionViewController.swift */; };
		B46001F81C5502C4005321FA /* WeiboLoginViewController.swift in Sources */ = {isa = PBXBuildFile; fileRef = B46001F71C5502C4005321FA /* WeiboLoginViewController.swift */; };
		B46001FA1C5504A4005321FA /* HomeViewController.swift in Sources */ = {isa = PBXBuildFile; fileRef = B46001F91C5504A4005321FA /* HomeViewController.swift */; };
		B46001FF1C5508CE005321FA /* CommonUtil.swift in Sources */ = {isa = PBXBuildFile; fileRef = B46001FE1C5508CE005321FA /* CommonUtil.swift */; };
		B46002021C55D78F005321FA /* StatusModel.swift in Sources */ = {isa = PBXBuildFile; fileRef = B46002011C55D78F005321FA /* StatusModel.swift */; };
		B46002041C55DF18005321FA /* BaseModel.swift in Sources */ = {isa = PBXBuildFile; fileRef = B46002031C55DF18005321FA /* BaseModel.swift */; };
		B46002061C55E8E1005321FA /* WBUserModel.swift in Sources */ = {isa = PBXBuildFile; fileRef = B46002051C55E8E1005321FA /* WBUserModel.swift */; };
		B49312FC1C562E570088C6A4 /* WeiboImageCell.swift in Sources */ = {isa = PBXBuildFile; fileRef = B49312FB1C562E570088C6A4 /* WeiboImageCell.swift */; };
		B49312FE1C5734620088C6A4 /* WeiboTextCell.swift in Sources */ = {isa = PBXBuildFile; fileRef = B49312FD1C5734620088C6A4 /* WeiboTextCell.swift */; };
/* End PBXBuildFile section */

/* Begin PBXContainerItemProxy section */
		B46001D81C54DC3B005321FA /* PBXContainerItemProxy */ = {
			isa = PBXContainerItemProxy;
			containerPortal = B46001BB1C54DC3B005321FA /* Project object */;
			proxyType = 1;
			remoteGlobalIDString = B46001C21C54DC3B005321FA;
			remoteInfo = CollectionViewDemo;
		};
		B46001E31C54DC3B005321FA /* PBXContainerItemProxy */ = {
			isa = PBXContainerItemProxy;
			containerPortal = B46001BB1C54DC3B005321FA /* Project object */;
			proxyType = 1;
			remoteGlobalIDString = B46001C21C54DC3B005321FA;
			remoteInfo = CollectionViewDemo;
		};
/* End PBXContainerItemProxy section */

/* Begin PBXFileReference section */
		32E3BEDC6CFEB42F2B3EFE0B /* Pods.framework */ = {isa = PBXFileReference; explicitFileType = wrapper.framework; includeInIndex = 0; path = Pods.framework; sourceTree = BUILT_PRODUCTS_DIR; };
		A8855F9723FEF95CEBBAC6F4 /* Pods.release.xcconfig */ = {isa = PBXFileReference; includeInIndex = 1; lastKnownFileType = text.xcconfig; name = Pods.release.xcconfig; path = "Pods/Target Support Files/Pods/Pods.release.xcconfig"; sourceTree = "<group>"; };
		B46001C31C54DC3B005321FA /* CollectionViewDemo.app */ = {isa = PBXFileReference; explicitFileType = wrapper.application; includeInIndex = 0; path = CollectionViewDemo.app; sourceTree = BUILT_PRODUCTS_DIR; };
		B46001C61C54DC3B005321FA /* AppDelegate.swift */ = {isa = PBXFileReference; lastKnownFileType = sourcecode.swift; path = AppDelegate.swift; sourceTree = "<group>"; };
		B46001CB1C54DC3B005321FA /* Base */ = {isa = PBXFileReference; lastKnownFileType = file.storyboard; name = Base; path = Base.lproj/Main.storyboard; sourceTree = "<group>"; };
		B46001CD1C54DC3B005321FA /* Assets.xcassets */ = {isa = PBXFileReference; lastKnownFileType = folder.assetcatalog; path = Assets.xcassets; sourceTree = "<group>"; };
		B46001D01C54DC3B005321FA /* Base */ = {isa = PBXFileReference; lastKnownFileType = file.storyboard; name = Base; path = Base.lproj/LaunchScreen.storyboard; sourceTree = "<group>"; };
		B46001D21C54DC3B005321FA /* Info.plist */ = {isa = PBXFileReference; lastKnownFileType = text.plist.xml; path = Info.plist; sourceTree = "<group>"; };
		B46001D71C54DC3B005321FA /* CollectionViewDemoTests.xctest */ = {isa = PBXFileReference; explicitFileType = wrapper.cfbundle; includeInIndex = 0; path = CollectionViewDemoTests.xctest; sourceTree = BUILT_PRODUCTS_DIR; };
		B46001DB1C54DC3B005321FA /* CollectionViewDemoTests.swift */ = {isa = PBXFileReference; lastKnownFileType = sourcecode.swift; path = CollectionViewDemoTests.swift; sourceTree = "<group>"; };
		B46001DD1C54DC3B005321FA /* Info.plist */ = {isa = PBXFileReference; lastKnownFileType = text.plist.xml; path = Info.plist; sourceTree = "<group>"; };
		B46001E21C54DC3B005321FA /* CollectionViewDemoUITests.xctest */ = {isa = PBXFileReference; explicitFileType = wrapper.cfbundle; includeInIndex = 0; path = CollectionViewDemoUITests.xctest; sourceTree = BUILT_PRODUCTS_DIR; };
		B46001E61C54DC3B005321FA /* CollectionViewDemoUITests.swift */ = {isa = PBXFileReference; lastKnownFileType = sourcecode.swift; path = CollectionViewDemoUITests.swift; sourceTree = "<group>"; };
		B46001E81C54DC3B005321FA /* Info.plist */ = {isa = PBXFileReference; lastKnownFileType = text.plist.xml; path = Info.plist; sourceTree = "<group>"; };
		B46001F41C54DD20005321FA /* HomeCollectionViewController.swift */ = {isa = PBXFileReference; fileEncoding = 4; lastKnownFileType = sourcecode.swift; path = HomeCollectionViewController.swift; sourceTree = "<group>"; };
		B46001F61C54FDEB005321FA /* CollectionViewDemo-Bridging-Header.h */ = {isa = PBXFileReference; lastKnownFileType = sourcecode.c.h; path = "CollectionViewDemo-Bridging-Header.h"; sourceTree = "<group>"; };
		B46001F71C5502C4005321FA /* WeiboLoginViewController.swift */ = {isa = PBXFileReference; fileEncoding = 4; lastKnownFileType = sourcecode.swift; path = WeiboLoginViewController.swift; sourceTree = "<group>"; };
		B46001F91C5504A4005321FA /* HomeViewController.swift */ = {isa = PBXFileReference; fileEncoding = 4; lastKnownFileType = sourcecode.swift; path = HomeViewController.swift; sourceTree = "<group>"; };
		B46001FE1C5508CE005321FA /* CommonUtil.swift */ = {isa = PBXFileReference; fileEncoding = 4; lastKnownFileType = sourcecode.swift; path = CommonUtil.swift; sourceTree = "<group>"; };
		B46002011C55D78F005321FA /* StatusModel.swift */ = {isa = PBXFileReference; fileEncoding = 4; lastKnownFileType = sourcecode.swift; path = StatusModel.swift; sourceTree = "<group>"; };
		B46002031C55DF18005321FA /* BaseModel.swift */ = {isa = PBXFileReference; fileEncoding = 4; lastKnownFileType = sourcecode.swift; path = BaseModel.swift; sourceTree = "<group>"; };
		B46002051C55E8E1005321FA /* WBUserModel.swift */ = {isa = PBXFileReference; fileEncoding = 4; lastKnownFileType = sourcecode.swift; path = WBUserModel.swift; sourceTree = "<group>"; };
		B49312FB1C562E570088C6A4 /* WeiboImageCell.swift */ = {isa = PBXFileReference; fileEncoding = 4; lastKnownFileType = sourcecode.swift; path = WeiboImageCell.swift; sourceTree = "<group>"; };
		B49312FD1C5734620088C6A4 /* WeiboTextCell.swift */ = {isa = PBXFileReference; fileEncoding = 4; lastKnownFileType = sourcecode.swift; path = WeiboTextCell.swift; sourceTree = "<group>"; };
		BE115B15F2306CD93A62301A /* Pods.debug.xcconfig */ = {isa = PBXFileReference; includeInIndex = 1; lastKnownFileType = text.xcconfig; name = Pods.debug.xcconfig; path = "Pods/Target Support Files/Pods/Pods.debug.xcconfig"; sourceTree = "<group>"; };
/* End PBXFileReference section */

/* Begin PBXFrameworksBuildPhase section */
		B46001C01C54DC3B005321FA /* Frameworks */ = {
			isa = PBXFrameworksBuildPhase;
			buildActionMask = 2147483647;
			files = (
				6B351E1ACB538E79FF9A0959 /* Pods.framework in Frameworks */,
			);
			runOnlyForDeploymentPostprocessing = 0;
		};
		B46001D41C54DC3B005321FA /* Frameworks */ = {
			isa = PBXFrameworksBuildPhase;
			buildActionMask = 2147483647;
			files = (
			);
			runOnlyForDeploymentPostprocessing = 0;
		};
		B46001DF1C54DC3B005321FA /* Frameworks */ = {
			isa = PBXFrameworksBuildPhase;
			buildActionMask = 2147483647;
			files = (
			);
			runOnlyForDeploymentPostprocessing = 0;
		};
/* End PBXFrameworksBuildPhase section */

/* Begin PBXGroup section */
		B46001BA1C54DC3B005321FA = {
			isa = PBXGroup;
			children = (
				B46001C51C54DC3B005321FA /* CollectionViewDemo */,
				B46001DA1C54DC3B005321FA /* CollectionViewDemoTests */,
				B46001E51C54DC3B005321FA /* CollectionViewDemoUITests */,
				B46001C41C54DC3B005321FA /* Products */,
				C311BBA9E8A3F2BB43079990 /* Pods */,
				F0DEED7E462BC7C579A73F53 /* Frameworks */,
			);
			sourceTree = "<group>";
		};
		B46001C41C54DC3B005321FA /* Products */ = {
			isa = PBXGroup;
			children = (
				B46001C31C54DC3B005321FA /* CollectionViewDemo.app */,
				B46001D71C54DC3B005321FA /* CollectionViewDemoTests.xctest */,
				B46001E21C54DC3B005321FA /* CollectionViewDemoUITests.xctest */,
			);
			name = Products;
			sourceTree = "<group>";
		};
		B46001C51C54DC3B005321FA /* CollectionViewDemo */ = {
			isa = PBXGroup;
			children = (
				B46002001C55D742005321FA /* Models */,
				B46001FD1C5508B0005321FA /* Utils */,
				B46001FC1C5505A9005321FA /* Controllers */,
				B46001FB1C550589005321FA /* Supporting Files */,
				B46001C61C54DC3B005321FA /* AppDelegate.swift */,
				B49312FB1C562E570088C6A4 /* WeiboImageCell.swift */,
				B49312FD1C5734620088C6A4 /* WeiboTextCell.swift */,
			);
			path = CollectionViewDemo;
			sourceTree = "<group>";
		};
		B46001DA1C54DC3B005321FA /* CollectionViewDemoTests */ = {
			isa = PBXGroup;
			children = (
				B46001DB1C54DC3B005321FA /* CollectionViewDemoTests.swift */,
				B46001DD1C54DC3B005321FA /* Info.plist */,
			);
			path = CollectionViewDemoTests;
			sourceTree = "<group>";
		};
		B46001E51C54DC3B005321FA /* CollectionViewDemoUITests */ = {
			isa = PBXGroup;
			children = (
				B46001E61C54DC3B005321FA /* CollectionViewDemoUITests.swift */,
				B46001E81C54DC3B005321FA /* Info.plist */,
			);
			path = CollectionViewDemoUITests;
			sourceTree = "<group>";
		};
		B46001FB1C550589005321FA /* Supporting Files */ = {
			isa = PBXGroup;
			children = (
				B46001CD1C54DC3B005321FA /* Assets.xcassets */,
				B46001CA1C54DC3B005321FA /* Main.storyboard */,
				B46001D21C54DC3B005321FA /* Info.plist */,
				B46001CF1C54DC3B005321FA /* LaunchScreen.storyboard */,
				B46001F61C54FDEB005321FA /* CollectionViewDemo-Bridging-Header.h */,
			);
			name = "Supporting Files";
			sourceTree = "<group>";
		};
		B46001FC1C5505A9005321FA /* Controllers */ = {
			isa = PBXGroup;
			children = (
				B46001F41C54DD20005321FA /* HomeCollectionViewController.swift */,
				B46001F71C5502C4005321FA /* WeiboLoginViewController.swift */,
				B46001F91C5504A4005321FA /* HomeViewController.swift */,
			);
			name = Controllers;
			sourceTree = "<group>";
		};
		B46001FD1C5508B0005321FA /* Utils */ = {
			isa = PBXGroup;
			children = (
				B46001FE1C5508CE005321FA /* CommonUtil.swift */,
			);
			path = Utils;
			sourceTree = "<group>";
		};
		B46002001C55D742005321FA /* Models */ = {
			isa = PBXGroup;
			children = (
				B46002011C55D78F005321FA /* StatusModel.swift */,
				B46002031C55DF18005321FA /* BaseModel.swift */,
				B46002051C55E8E1005321FA /* WBUserModel.swift */,
			);
			path = Models;
			sourceTree = "<group>";
		};
		C311BBA9E8A3F2BB43079990 /* Pods */ = {
			isa = PBXGroup;
			children = (
				BE115B15F2306CD93A62301A /* Pods.debug.xcconfig */,
				A8855F9723FEF95CEBBAC6F4 /* Pods.release.xcconfig */,
			);
			name = Pods;
			sourceTree = "<group>";
		};
		F0DEED7E462BC7C579A73F53 /* Frameworks */ = {
			isa = PBXGroup;
			children = (
				32E3BEDC6CFEB42F2B3EFE0B /* Pods.framework */,
			);
			name = Frameworks;
			sourceTree = "<group>";
		};
/* End PBXGroup section */

/* Begin PBXNativeTarget section */
		B46001C21C54DC3B005321FA /* CollectionViewDemo */ = {
			isa = PBXNativeTarget;
			buildConfigurationList = B46001EB1C54DC3B005321FA /* Build configuration list for PBXNativeTarget "CollectionViewDemo" */;
			buildPhases = (
				9D4791CADC49F52EB197097F /* Check Pods Manifest.lock */,
				B46001BF1C54DC3B005321FA /* Sources */,
				B46001C01C54DC3B005321FA /* Frameworks */,
				B46001C11C54DC3B005321FA /* Resources */,
				EB1DC93393DA47020D5707A5 /* Embed Pods Frameworks */,
				76E1EE93ADD6AB2CA0F4C1CF /* Copy Pods Resources */,
			);
			buildRules = (
			);
			dependencies = (
			);
			name = CollectionViewDemo;
			productName = CollectionViewDemo;
			productReference = B46001C31C54DC3B005321FA /* CollectionViewDemo.app */;
			productType = "com.apple.product-type.application";
		};
		B46001D61C54DC3B005321FA /* CollectionViewDemoTests */ = {
			isa = PBXNativeTarget;
			buildConfigurationList = B46001EE1C54DC3B005321FA /* Build configuration list for PBXNativeTarget "CollectionViewDemoTests" */;
			buildPhases = (
				B46001D31C54DC3B005321FA /* Sources */,
				B46001D41C54DC3B005321FA /* Frameworks */,
				B46001D51C54DC3B005321FA /* Resources */,
			);
			buildRules = (
			);
			dependencies = (
				B46001D91C54DC3B005321FA /* PBXTargetDependency */,
			);
			name = CollectionViewDemoTests;
			productName = CollectionViewDemoTests;
			productReference = B46001D71C54DC3B005321FA /* CollectionViewDemoTests.xctest */;
			productType = "com.apple.product-type.bundle.unit-test";
		};
		B46001E11C54DC3B005321FA /* CollectionViewDemoUITests */ = {
			isa = PBXNativeTarget;
			buildConfigurationList = B46001F11C54DC3B005321FA /* Build configuration list for PBXNativeTarget "CollectionViewDemoUITests" */;
			buildPhases = (
				B46001DE1C54DC3B005321FA /* Sources */,
				B46001DF1C54DC3B005321FA /* Frameworks */,
				B46001E01C54DC3B005321FA /* Resources */,
			);
			buildRules = (
			);
			dependencies = (
				B46001E41C54DC3B005321FA /* PBXTargetDependency */,
			);
			name = CollectionViewDemoUITests;
			productName = CollectionViewDemoUITests;
			productReference = B46001E21C54DC3B005321FA /* CollectionViewDemoUITests.xctest */;
			productType = "com.apple.product-type.bundle.ui-testing";
		};
/* End PBXNativeTarget section */

/* Begin PBXProject section */
		B46001BB1C54DC3B005321FA /* Project object */ = {
			isa = PBXProject;
			attributes = {
				LastSwiftUpdateCheck = 0720;
				LastUpgradeCheck = 0720;
				ORGANIZATIONNAME = "Dynamic Cell";
				TargetAttributes = {
					B46001C21C54DC3B005321FA = {
						CreatedOnToolsVersion = 7.2;
					};
					B46001D61C54DC3B005321FA = {
						CreatedOnToolsVersion = 7.2;
						TestTargetID = B46001C21C54DC3B005321FA;
					};
					B46001E11C54DC3B005321FA = {
						CreatedOnToolsVersion = 7.2;
						TestTargetID = B46001C21C54DC3B005321FA;
					};
				};
			};
			buildConfigurationList = B46001BE1C54DC3B005321FA /* Build configuration list for PBXProject "CollectionViewDemo" */;
			compatibilityVersion = "Xcode 3.2";
			developmentRegion = English;
			hasScannedForEncodings = 0;
			knownRegions = (
				en,
				Base,
			);
			mainGroup = B46001BA1C54DC3B005321FA;
			productRefGroup = B46001C41C54DC3B005321FA /* Products */;
			projectDirPath = "";
			projectRoot = "";
			targets = (
				B46001C21C54DC3B005321FA /* CollectionViewDemo */,
				B46001D61C54DC3B005321FA /* CollectionViewDemoTests */,
				B46001E11C54DC3B005321FA /* CollectionViewDemoUITests */,
			);
		};
/* End PBXProject section */

/* Begin PBXResourcesBuildPhase section */
		B46001C11C54DC3B005321FA /* Resources */ = {
			isa = PBXResourcesBuildPhase;
			buildActionMask = 2147483647;
			files = (
				B46001D11C54DC3B005321FA /* LaunchScreen.storyboard in Resources */,
				B46001CE1C54DC3B005321FA /* Assets.xcassets in Resources */,
				B46001CC1C54DC3B005321FA /* Main.storyboard in Resources */,
			);
			runOnlyForDeploymentPostprocessing = 0;
		};
		B46001D51C54DC3B005321FA /* Resources */ = {
			isa = PBXResourcesBuildPhase;
			buildActionMask = 2147483647;
			files = (
			);
			runOnlyForDeploymentPostprocessing = 0;
		};
		B46001E01C54DC3B005321FA /* Resources */ = {
			isa = PBXResourcesBuildPhase;
			buildActionMask = 2147483647;
			files = (
			);
			runOnlyForDeploymentPostprocessing = 0;
		};
/* End PBXResourcesBuildPhase section */

/* Begin PBXShellScriptBuildPhase section */
		76E1EE93ADD6AB2CA0F4C1CF /* Copy Pods Resources */ = {
			isa = PBXShellScriptBuildPhase;
			buildActionMask = 2147483647;
			files = (
			);
			inputPaths = (
			);
			name = "Copy Pods Resources";
			outputPaths = (
			);
			runOnlyForDeploymentPostprocessing = 0;
			shellPath = /bin/sh;
			shellScript = "\"${SRCROOT}/Pods/Target Support Files/Pods/Pods-resources.sh\"\n";
			showEnvVarsInLog = 0;
		};
		9D4791CADC49F52EB197097F /* Check Pods Manifest.lock */ = {
			isa = PBXShellScriptBuildPhase;
			buildActionMask = 2147483647;
			files = (
			);
			inputPaths = (
			);
			name = "Check Pods Manifest.lock";
			outputPaths = (
			);
			runOnlyForDeploymentPostprocessing = 0;
			shellPath = /bin/sh;
			shellScript = "diff \"${PODS_ROOT}/../Podfile.lock\" \"${PODS_ROOT}/Manifest.lock\" > /dev/null\nif [[ $? != 0 ]] ; then\n    cat << EOM\nerror: The sandbox is not in sync with the Podfile.lock. Run 'pod install' or update your CocoaPods installation.\nEOM\n    exit 1\nfi\n";
			showEnvVarsInLog = 0;
		};
		EB1DC93393DA47020D5707A5 /* Embed Pods Frameworks */ = {
			isa = PBXShellScriptBuildPhase;
			buildActionMask = 2147483647;
			files = (
			);
			inputPaths = (
			);
			name = "Embed Pods Frameworks";
			outputPaths = (
			);
			runOnlyForDeploymentPostprocessing = 0;
			shellPath = /bin/sh;
			shellScript = "\"${SRCROOT}/Pods/Target Support Files/Pods/Pods-frameworks.sh\"\n";
			showEnvVarsInLog = 0;
		};
/* End PBXShellScriptBuildPhase section */

/* Begin PBXSourcesBuildPhase section */
		B46001BF1C54DC3B005321FA /* Sources */ = {
			isa = PBXSourcesBuildPhase;
			buildActionMask = 2147483647;
			files = (
				B46001F81C5502C4005321FA /* WeiboLoginViewController.swift in Sources */,
				B46001C71C54DC3B005321FA /* AppDelegate.swift in Sources */,
				B46002041C55DF18005321FA /* BaseModel.swift in Sources */,
				B46001F51C54DD20005321FA /* HomeCollectionViewController.swift in Sources */,
				B46002021C55D78F005321FA /* StatusModel.swift in Sources */,
				B46002061C55E8E1005321FA /* WBUserModel.swift in Sources */,
				B46001FF1C5508CE005321FA /* CommonUtil.swift in Sources */,
				B49312FE1C5734620088C6A4 /* WeiboTextCell.swift in Sources */,
				B46001FA1C5504A4005321FA /* HomeViewController.swift in Sources */,
				B49312FC1C562E570088C6A4 /* WeiboImageCell.swift in Sources */,
			);
			runOnlyForDeploymentPostprocessing = 0;
		};
		B46001D31C54DC3B005321FA /* Sources */ = {
			isa = PBXSourcesBuildPhase;
			buildActionMask = 2147483647;
			files = (
				B46001DC1C54DC3B005321FA /* CollectionViewDemoTests.swift in Sources */,
			);
			runOnlyForDeploymentPostprocessing = 0;
		};
		B46001DE1C54DC3B005321FA /* Sources */ = {
			isa = PBXSourcesBuildPhase;
			buildActionMask = 2147483647;
			files = (
				B46001E71C54DC3B005321FA /* CollectionViewDemoUITests.swift in Sources */,
			);
			runOnlyForDeploymentPostprocessing = 0;
		};
/* End PBXSourcesBuildPhase section */

/* Begin PBXTargetDependency section */
		B46001D91C54DC3B005321FA /* PBXTargetDependency */ = {
			isa = PBXTargetDependency;
			target = B46001C21C54DC3B005321FA /* CollectionViewDemo */;
			targetProxy = B46001D81C54DC3B005321FA /* PBXContainerItemProxy */;
		};
		B46001E41C54DC3B005321FA /* PBXTargetDependency */ = {
			isa = PBXTargetDependency;
			target = B46001C21C54DC3B005321FA /* CollectionViewDemo */;
			targetProxy = B46001E31C54DC3B005321FA /* PBXContainerItemProxy */;
		};
/* End PBXTargetDependency section */

/* Begin PBXVariantGroup section */
		B46001CA1C54DC3B005321FA /* Main.storyboard */ = {
			isa = PBXVariantGroup;
			children = (
				B46001CB1C54DC3B005321FA /* Base */,
			);
			name = Main.storyboard;
			sourceTree = "<group>";
		};
		B46001CF1C54DC3B005321FA /* LaunchScreen.storyboard */ = {
			isa = PBXVariantGroup;
			children = (
				B46001D01C54DC3B005321FA /* Base */,
			);
			name = LaunchScreen.storyboard;
			sourceTree = "<group>";
		};
/* End PBXVariantGroup section */

/* Begin XCBuildConfiguration section */
		B46001E91C54DC3B005321FA /* Debug */ = {
			isa = XCBuildConfiguration;
			buildSettings = {
				ALWAYS_SEARCH_USER_PATHS = NO;
				CLANG_CXX_LANGUAGE_STANDARD = "gnu++0x";
				CLANG_CXX_LIBRARY = "libc++";
				CLANG_ENABLE_MODULES = YES;
				CLANG_ENABLE_OBJC_ARC = YES;
				CLANG_WARN_BOOL_CONVERSION = YES;
				CLANG_WARN_CONSTANT_CONVERSION = YES;
				CLANG_WARN_DIRECT_OBJC_ISA_USAGE = YES_ERROR;
				CLANG_WARN_EMPTY_BODY = YES;
				CLANG_WARN_ENUM_CONVERSION = YES;
				CLANG_WARN_INT_CONVERSION = YES;
				CLANG_WARN_OBJC_ROOT_CLASS = YES_ERROR;
				CLANG_WARN_UNREACHABLE_CODE = YES;
				CLANG_WARN__DUPLICATE_METHOD_MATCH = YES;
				"CODE_SIGN_IDENTITY[sdk=iphoneos*]" = "iPhone Developer";
				COPY_PHASE_STRIP = NO;
				DEBUG_INFORMATION_FORMAT = dwarf;
				ENABLE_STRICT_OBJC_MSGSEND = YES;
				ENABLE_TESTABILITY = YES;
				GCC_C_LANGUAGE_STANDARD = gnu99;
				GCC_DYNAMIC_NO_PIC = NO;
				GCC_NO_COMMON_BLOCKS = YES;
				GCC_OPTIMIZATION_LEVEL = 0;
				GCC_PREPROCESSOR_DEFINITIONS = (
					"DEBUG=1",
					"$(inherited)",
				);
				GCC_WARN_64_TO_32_BIT_CONVERSION = YES;
				GCC_WARN_ABOUT_RETURN_TYPE = YES_ERROR;
				GCC_WARN_UNDECLARED_SELECTOR = YES;
				GCC_WARN_UNINITIALIZED_AUTOS = YES_AGGRESSIVE;
				GCC_WARN_UNUSED_FUNCTION = YES;
				GCC_WARN_UNUSED_VARIABLE = YES;
				IPHONEOS_DEPLOYMENT_TARGET = 9.2;
				MTL_ENABLE_DEBUG_INFO = YES;
				ONLY_ACTIVE_ARCH = YES;
				SDKROOT = iphoneos;
				SWIFT_OPTIMIZATION_LEVEL = "-Onone";
			};
			name = Debug;
		};
		B46001EA1C54DC3B005321FA /* Release */ = {
			isa = XCBuildConfiguration;
			buildSettings = {
				ALWAYS_SEARCH_USER_PATHS = NO;
				CLANG_CXX_LANGUAGE_STANDARD = "gnu++0x";
				CLANG_CXX_LIBRARY = "libc++";
				CLANG_ENABLE_MODULES = YES;
				CLANG_ENABLE_OBJC_ARC = YES;
				CLANG_WARN_BOOL_CONVERSION = YES;
				CLANG_WARN_CONSTANT_CONVERSION = YES;
				CLANG_WARN_DIRECT_OBJC_ISA_USAGE = YES_ERROR;
				CLANG_WARN_EMPTY_BODY = YES;
				CLANG_WARN_ENUM_CONVERSION = YES;
				CLANG_WARN_INT_CONVERSION = YES;
				CLANG_WARN_OBJC_ROOT_CLASS = YES_ERROR;
				CLANG_WARN_UNREACHABLE_CODE = YES;
				CLANG_WARN__DUPLICATE_METHOD_MATCH = YES;
				"CODE_SIGN_IDENTITY[sdk=iphoneos*]" = "iPhone Developer";
				COPY_PHASE_STRIP = NO;
				DEBUG_INFORMATION_FORMAT = "dwarf-with-dsym";
				ENABLE_NS_ASSERTIONS = NO;
				ENABLE_STRICT_OBJC_MSGSEND = YES;
				GCC_C_LANGUAGE_STANDARD = gnu99;
				GCC_NO_COMMON_BLOCKS = YES;
				GCC_WARN_64_TO_32_BIT_CONVERSION = YES;
				GCC_WARN_ABOUT_RETURN_TYPE = YES_ERROR;
				GCC_WARN_UNDECLARED_SELECTOR = YES;
				GCC_WARN_UNINITIALIZED_AUTOS = YES_AGGRESSIVE;
				GCC_WARN_UNUSED_FUNCTION = YES;
				GCC_WARN_UNUSED_VARIABLE = YES;
				IPHONEOS_DEPLOYMENT_TARGET = 9.2;
				MTL_ENABLE_DEBUG_INFO = NO;
				SDKROOT = iphoneos;
				VALIDATE_PRODUCT = YES;
			};
			name = Release;
		};
		B46001EC1C54DC3B005321FA /* Debug */ = {
			isa = XCBuildConfiguration;
			baseConfigurationReference = BE115B15F2306CD93A62301A /* Pods.debug.xcconfig */;
			buildSettings = {
				ASSETCATALOG_COMPILER_APPICON_NAME = AppIcon;
				INFOPLIST_FILE = CollectionViewDemo/Info.plist;
				IPHONEOS_DEPLOYMENT_TARGET = 8.0;
				LD_RUNPATH_SEARCH_PATHS = "$(inherited) @executable_path/Frameworks";
				PRODUCT_BUNDLE_IDENTIFIER = com.thunderstudio.whonearby;
				PRODUCT_NAME = "$(TARGET_NAME)";
				SWIFT_OBJC_BRIDGING_HEADER = "CollectionViewDemo/CollectionViewDemo-Bridging-Header.h";
			};
			name = Debug;
		};
		B46001ED1C54DC3B005321FA /* Release */ = {
			isa = XCBuildConfiguration;
			baseConfigurationReference = A8855F9723FEF95CEBBAC6F4 /* Pods.release.xcconfig */;
			buildSettings = {
				ASSETCATALOG_COMPILER_APPICON_NAME = AppIcon;
				INFOPLIST_FILE = CollectionViewDemo/Info.plist;
				IPHONEOS_DEPLOYMENT_TARGET = 8.0;
				LD_RUNPATH_SEARCH_PATHS = "$(inherited) @executable_path/Frameworks";
				PRODUCT_BUNDLE_IDENTIFIER = com.thunderstudio.whonearby;
				PRODUCT_NAME = "$(TARGET_NAME)";
				SWIFT_OBJC_BRIDGING_HEADER = "CollectionViewDemo/CollectionViewDemo-Bridging-Header.h";
			};
			name = Release;
		};
		B46001EF1C54DC3B005321FA /* Debug */ = {
			isa = XCBuildConfiguration;
			buildSettings = {
				BUNDLE_LOADER = "$(TEST_HOST)";
				INFOPLIST_FILE = CollectionViewDemoTests/Info.plist;
				LD_RUNPATH_SEARCH_PATHS = "$(inherited) @executable_path/Frameworks @loader_path/Frameworks";
				PRODUCT_BUNDLE_IDENTIFIER = com.thunderstudio.apps.CollectionViewDemoTests;
				PRODUCT_NAME = "$(TARGET_NAME)";
				TEST_HOST = "$(BUILT_PRODUCTS_DIR)/CollectionViewDemo.app/CollectionViewDemo";
			};
			name = Debug;
		};
		B46001F01C54DC3B005321FA /* Release */ = {
			isa = XCBuildConfiguration;
			buildSettings = {
				BUNDLE_LOADER = "$(TEST_HOST)";
				INFOPLIST_FILE = CollectionViewDemoTests/Info.plist;
				LD_RUNPATH_SEARCH_PATHS = "$(inherited) @executable_path/Frameworks @loader_path/Frameworks";
				PRODUCT_BUNDLE_IDENTIFIER = com.thunderstudio.apps.CollectionViewDemoTests;
				PRODUCT_NAME = "$(TARGET_NAME)";
				TEST_HOST = "$(BUILT_PRODUCTS_DIR)/CollectionViewDemo.app/CollectionViewDemo";
			};
			name = Release;
		};
		B46001F21C54DC3B005321FA /* Debug */ = {
			isa = XCBuildConfiguration;
			buildSettings = {
				INFOPLIST_FILE = CollectionViewDemoUITests/Info.plist;
				LD_RUNPATH_SEARCH_PATHS = "$(inherited) @executable_path/Frameworks @loader_path/Frameworks";
				PRODUCT_BUNDLE_IDENTIFIER = com.thunderstudio.apps.CollectionViewDemoUITests;
				PRODUCT_NAME = "$(TARGET_NAME)";
				TEST_TARGET_NAME = CollectionViewDemo;
				USES_XCTRUNNER = YES;
			};
			name = Debug;
		};
		B46001F31C54DC3B005321FA /* Release */ = {
			isa = XCBuildConfiguration;
			buildSettings = {
				INFOPLIST_FILE = CollectionViewDemoUITests/Info.plist;
				LD_RUNPATH_SEARCH_PATHS = "$(inherited) @executable_path/Frameworks @loader_path/Frameworks";
				PRODUCT_BUNDLE_IDENTIFIER = com.thunderstudio.apps.CollectionViewDemoUITests;
				PRODUCT_NAME = "$(TARGET_NAME)";
				TEST_TARGET_NAME = CollectionViewDemo;
				USES_XCTRUNNER = YES;
			};
			name = Release;
		};
/* End XCBuildConfiguration section */

/* Begin XCConfigurationList section */
		B46001BE1C54DC3B005321FA /* Build configuration list for PBXProject "CollectionViewDemo" */ = {
			isa = XCConfigurationList;
			buildConfigurations = (
				B46001E91C54DC3B005321FA /* Debug */,
				B46001EA1C54DC3B005321FA /* Release */,
			);
			defaultConfigurationIsVisible = 0;
			defaultConfigurationName = Release;
		};
		B46001EB1C54DC3B005321FA /* Build configuration list for PBXNativeTarget "CollectionViewDemo" */ = {
			isa = XCConfigurationList;
			buildConfigurations = (
				B46001EC1C54DC3B005321FA /* Debug */,
				B46001ED1C54DC3B005321FA /* Release */,
			);
			defaultConfigurationIsVisible = 0;
			defaultConfigurationName = Release;
		};
		B46001EE1C54DC3B005321FA /* Build configuration list for PBXNativeTarget "CollectionViewDemoTests" */ = {
			isa = XCConfigurationList;
			buildConfigurations = (
				B46001EF1C54DC3B005321FA /* Debug */,
				B46001F01C54DC3B005321FA /* Release */,
			);
			defaultConfigurationIsVisible = 0;
			defaultConfigurationName = Release;
		};
		B46001F11C54DC3B005321FA /* Build configuration list for PBXNativeTarget "CollectionViewDemoUITests" */ = {
			isa = XCConfigurationList;
			buildConfigurations = (
				B46001F21C54DC3B005321FA /* Debug */,
				B46001F31C54DC3B005321FA /* Release */,
			);
			defaultConfigurationIsVisible = 0;
			defaultConfigurationName = Release;
		};
/* End XCConfigurationList section */
	};
	rootObject = B46001BB1C54DC3B005321FA /* Project object */;
}
